
Microsoft Visual Studio Solution File, Format Version 12.00
# Visual Studio Version 16
VisualStudioVersion = 16.0.32802.440
MinimumVisualStudioVersion = 10.0.40219.1
Project("{FAE04EC0-301F-11D3-BF4B-00C04F79EFBC}") = "ModificaImagen", "ModificaImagen.csproj", "{FD06B130-63FC-4D71-96E4-07358B555E1A}"
EndProject
Global
	GlobalSection(SolutionConfigurationPlatforms) = preSolution
		Debug|Any CPU = Debug|Any CPU
		Release|Any CPU = Release|Any CPU
	EndGlobalSection
	GlobalSection(ProjectConfigurationPlatforms) = postSolution
		{FD06B130-63FC-4D71-96E4-07358B555E1A}.Debug|Any CPU.ActiveCfg = Debug|Any CPU
		{FD06B130-63FC-4D71-96E4-07358B555E1A}.Debug|Any CPU.Build.0 = Debug|Any CPU
		{FD06B130-63FC-4D71-96E4-07358B555E1A}.Release|Any CPU.ActiveCfg = Release|Any CPU
		{FD06B130-63FC-4D71-96E4-07358B555E1A}.Release|Any CPU.Build.0 = Release|Any CPU
	EndGlobalSection
	GlobalSection(SolutionProperties) = preSolution
		HideSolutionNode = FALSE
	EndGlobalSection
	GlobalSection(ExtensibilityGlobals) = postSolution
		SolutionGuid = {5AEFC157-4D55-45A8-A23A-3C5AD8688A17}
	EndGlobalSection
EndGlobal
